
Microsoft Visual Studio Solution File, Format Version 12.00
# Visual Studio Version 16
VisualStudioVersion = 16.0.30320.27
MinimumVisualStudioVersion = 10.0.40219.1
Project("{FAE04EC0-301F-11D3-BF4B-00C04F79EFBC}") = "Dendrite", "Dendrite\Dendrite.csproj", "{F97093E9-EF8E-4465-AA1E-14907B669102}"
EndProject
Project("{FAE04EC0-301F-11D3-BF4B-00C04F79EFBC}") = "DagrePort", "DagrePort\DagrePort.csproj", "{B404BA6F-6334-46FB-B51A-AD235FFF3D85}"
EndProject
Project("{FAE04EC0-301F-11D3-BF4B-00C04F79EFBC}") = "DendriteLib", "DendriteLib\DendriteLib.csproj", "{AF17BE9C-7E92-4D02-9CB9-E19910DD1B34}"
EndProject
Global
	GlobalSection(SolutionConfigurationPlatforms) = preSolution
		Debug|Any CPU = Debug|Any CPU
		Release|Any CPU = Release|Any CPU
	EndGlobalSection
	GlobalSection(ProjectConfigurationPlatforms) = postSolution
		{F97093E9-EF8E-4465-AA1E-14907B669102}.Debug|Any CPU.ActiveCfg = Debug|Any CPU
		{F97093E9-EF8E-4465-AA1E-14907B669102}.Debug|Any CPU.Build.0 = Debug|Any CPU
		{F97093E9-EF8E-4465-AA1E-14907B669102}.Release|Any CPU.ActiveCfg = Release|Any CPU
		{F97093E9-EF8E-4465-AA1E-14907B669102}.Release|Any CPU.Build.0 = Release|Any CPU
		{B404BA6F-6334-46FB-B51A-AD235FFF3D85}.Debug|Any CPU.ActiveCfg = Debug|Any CPU
		{B404BA6F-6334-46FB-B51A-AD235FFF3D85}.Debug|Any CPU.Build.0 = Debug|Any CPU
		{B404BA6F-6334-46FB-B51A-AD235FFF3D85}.Release|Any CPU.ActiveCfg = Release|Any CPU
		{B404BA6F-6334-46FB-B51A-AD235FFF3D85}.Release|Any CPU.Build.0 = Release|Any CPU
		{AF17BE9C-7E92-4D02-9CB9-E19910DD1B34}.Debug|Any CPU.ActiveCfg = Debug|Any CPU
		{AF17BE9C-7E92-4D02-9CB9-E19910DD1B34}.Debug|Any CPU.Build.0 = Debug|Any CPU
		{AF17BE9C-7E92-4D02-9CB9-E19910DD1B34}.Release|Any CPU.ActiveCfg = Release|Any CPU
		{AF17BE9C-7E92-4D02-9CB9-E19910DD1B34}.Release|Any CPU.Build.0 = Release|Any CPU
	EndGlobalSection
	GlobalSection(SolutionProperties) = preSolution
		HideSolutionNode = FALSE
	EndGlobalSection
	GlobalSection(ExtensibilityGlobals) = postSolution
		SolutionGuid = {63BA21C5-DED7-4DAD-9A71-D1131C05C87E}
	EndGlobalSection
EndGlobal
