
Microsoft Visual Studio Solution File, Format Version 12.00
# Visual Studio Version 17
VisualStudioVersion = 17.3.32929.385
MinimumVisualStudioVersion = 10.0.40219.1
Project("{9A19103F-16F7-4668-BE54-9A1E7A4F7556}") = "Dendrite", "Dendrite\Dendrite.csproj", "{BDA68B1B-9877-448E-A5C0-DB04F78CCC6E}"
EndProject
Project("{9A19103F-16F7-4668-BE54-9A1E7A4F7556}") = "DendriteLib", "DendriteLib\DendriteLib.csproj", "{6D5290E3-1018-4C88-A13B-99138F96314B}"
EndProject
Global
	GlobalSection(SolutionConfigurationPlatforms) = preSolution
		Debug|Any CPU = Debug|Any CPU
		Release|Any CPU = Release|Any CPU
	EndGlobalSection
	GlobalSection(ProjectConfigurationPlatforms) = postSolution
		{BDA68B1B-9877-448E-A5C0-DB04F78CCC6E}.Debug|Any CPU.ActiveCfg = Debug|Any CPU
		{BDA68B1B-9877-448E-A5C0-DB04F78CCC6E}.Debug|Any CPU.Build.0 = Debug|Any CPU
		{BDA68B1B-9877-448E-A5C0-DB04F78CCC6E}.Release|Any CPU.ActiveCfg = Release|Any CPU
		{BDA68B1B-9877-448E-A5C0-DB04F78CCC6E}.Release|Any CPU.Build.0 = Release|Any CPU
		{6D5290E3-1018-4C88-A13B-99138F96314B}.Debug|Any CPU.ActiveCfg = Debug|Any CPU
		{6D5290E3-1018-4C88-A13B-99138F96314B}.Debug|Any CPU.Build.0 = Debug|Any CPU
		{6D5290E3-1018-4C88-A13B-99138F96314B}.Release|Any CPU.ActiveCfg = Release|Any CPU
		{6D5290E3-1018-4C88-A13B-99138F96314B}.Release|Any CPU.Build.0 = Release|Any CPU
	EndGlobalSection
	GlobalSection(SolutionProperties) = preSolution
		HideSolutionNode = FALSE
	EndGlobalSection
	GlobalSection(ExtensibilityGlobals) = postSolution
		SolutionGuid = {63BA21C5-DED7-4DAD-9A71-D1131C05C87E}
	EndGlobalSection
EndGlobal
